
Microsoft Visual Studio Solution File, Format Version 12.00
# Visual Studio Version 17
VisualStudioVersion = 17.6.33829.357
MinimumVisualStudioVersion = 10.0.40219.1
Project("{9A19103F-16F7-4668-BE54-9A1E7A4F7556}") = "RiskStrategy", "RiskStrategy.csproj", "{86FD8D42-F6DD-4A84-B565-309784D14FF2}"
EndProject
Global
	GlobalSection(SolutionConfigurationPlatforms) = preSolution
		Debug|Any CPU = Debug|Any CPU
		Release|Any CPU = Release|Any CPU
	EndGlobalSection
	GlobalSection(ProjectConfigurationPlatforms) = postSolution
		{86FD8D42-F6DD-4A84-B565-309784D14FF2}.Debug|Any CPU.ActiveCfg = Debug|Any CPU
		{86FD8D42-F6DD-4A84-B565-309784D14FF2}.Debug|Any CPU.Build.0 = Debug|Any CPU
		{86FD8D42-F6DD-4A84-B565-309784D14FF2}.Release|Any CPU.ActiveCfg = Release|Any CPU
		{86FD8D42-F6DD-4A84-B565-309784D14FF2}.Release|Any CPU.Build.0 = Release|Any CPU
	EndGlobalSection
	GlobalSection(SolutionProperties) = preSolution
		HideSolutionNode = FALSE
	EndGlobalSection
	GlobalSection(ExtensibilityGlobals) = postSolution
		SolutionGuid = {5EE77CE1-6B12-4B7A-B75E-D64A851375B9}
	EndGlobalSection
EndGlobal
